
Microsoft Visual Studio Solution File, Format Version 12.00
# Visual Studio Version 16
VisualStudioVersion = 16.0.29306.81
MinimumVisualStudioVersion = 10.0.40219.1
Project("{FAE04EC0-301F-11D3-BF4B-00C04F79EFBC}") = "ConsoleApp1", "ConsoleApp1\ConsoleApp1.csproj", "{9A24A69E-C331-4F47-9BE8-2CD6D7A70279}"
EndProject
Global
	GlobalSection(SolutionConfigurationPlatforms) = preSolution
		Debug|Any CPU = Debug|Any CPU
		Release|Any CPU = Release|Any CPU
	EndGlobalSection
	GlobalSection(ProjectConfigurationPlatforms) = postSolution
		{9A24A69E-C331-4F47-9BE8-2CD6D7A70279}.Debug|Any CPU.ActiveCfg = Debug|Any CPU
		{9A24A69E-C331-4F47-9BE8-2CD6D7A70279}.Debug|Any CPU.Build.0 = Debug|Any CPU
		{9A24A69E-C331-4F47-9BE8-2CD6D7A70279}.Release|Any CPU.ActiveCfg = Release|Any CPU
		{9A24A69E-C331-4F47-9BE8-2CD6D7A70279}.Release|Any CPU.Build.0 = Release|Any CPU
	EndGlobalSection
	GlobalSection(SolutionProperties) = preSolution
		HideSolutionNode = FALSE
	EndGlobalSection
	GlobalSection(ExtensibilityGlobals) = postSolution
		SolutionGuid = {9AE4FE26-EAF4-4EDF-87A3-57583A26CFBD}
	EndGlobalSection
EndGlobal
